
Microsoft Visual Studio Solution File, Format Version 12.00
# Visual Studio Version 16
VisualStudioVersion = 16.0.30804.86
MinimumVisualStudioVersion = 10.0.40219.1
Project("{2150E333-8FDC-42A3-9474-1A3956D46DE8}") = "Service", "Service", "{61FCB6C1-A5C6-427E-A8DB-4FC07E1860E5}"
EndProject
Project("{2150E333-8FDC-42A3-9474-1A3956D46DE8}") = "ServiceInterface", "ServiceInterface", "{188FE94C-B0C9-4A0E-B66D-88574BA9A4D9}"
EndProject
Project("{2150E333-8FDC-42A3-9474-1A3956D46DE8}") = "ServiceModel", "ServiceModel", "{10157DF9-5D34-4A86-8DA5-4FDAAC4C81E4}"
EndProject
Project("{2150E333-8FDC-42A3-9474-1A3956D46DE8}") = "Web", "Web", "{EC76DA65-8F5F-4E09-9FA2-91E4C327CC1F}"
EndProject
Project("{2150E333-8FDC-42A3-9474-1A3956D46DE8}") = "Office", "Office", "{E50296CD-78D3-4FC8-A116-A25B625AC7B2}"
EndProject
Project("{2150E333-8FDC-42A3-9474-1A3956D46DE8}") = "Office", "Office", "{5A33FDC4-1618-4592-9569-EA964F4C5F5F}"
EndProject
Project("{2150E333-8FDC-42A3-9474-1A3956D46DE8}") = "Office", "Office", "{20E64CBC-1925-4D31-982F-633430A8F82D}"
EndProject
Project("{FAE04EC0-301F-11D3-BF4B-00C04F79EFBC}") = "WebEas.Esam.ServiceInterface.Pfe", "BDS\ServiceInterface\WebEas.Esam.ServiceInterface.Pfe\WebEas.Esam.ServiceInterface.Pfe.csproj", "{F73F656C-593F-47A1-84A6-855EA5474A3E}"
EndProject
Project("{FAE04EC0-301F-11D3-BF4B-00C04F79EFBC}") = "WebEas.Esam.ServiceModel.Pfe", "BDS\ServiceModel\WebEas.Esam.ServiceModel.Pfe\WebEas.Esam.ServiceModel.Pfe.csproj", "{196FAC5C-025D-4DDE-802C-B763DECB2402}"
EndProject
Project("{FAE04EC0-301F-11D3-BF4B-00C04F79EFBC}") = "WebEas.Esam.Pfe", "BDS\Web\WebEas.Esam.Pfe\WebEas.Esam.Pfe.csproj", "{77DB987D-0093-4D33-A0B8-4AB2DD0D4ED3}"
EndProject
Project("{FAE04EC0-301F-11D3-BF4B-00C04F79EFBC}") = "WebEas.Esam.ServiceInterface.Office", "BDS\ServiceInterface\WebEas.Esam.ServiceInterface.Office\WebEas.Esam.ServiceInterface.Office.csproj", "{A0B8A0DB-8AC5-47E8-925A-862529231D16}"
EndProject
Project("{FAE04EC0-301F-11D3-BF4B-00C04F79EFBC}") = "WebEas.Esam.ServiceModel.Office", "BDS\ServiceModel\WebEas.Esam.ServiceModel.Office\WebEas.Esam.ServiceModel.Office.csproj", "{B368A929-AA16-4823-87EC-69E90901D0ED}"
EndProject
Project("{FAE04EC0-301F-11D3-BF4B-00C04F79EFBC}") = "WebEas.Esam.ServiceInterface.Office.Bds", "BDS\ServiceInterface\WebEas.Esam.ServiceInterface.Office.Bds\WebEas.Esam.ServiceInterface.Office.Bds.csproj", "{E85EA2D5-BB2B-425E-BE89-D2BC75DF04F9}"
EndProject
Project("{FAE04EC0-301F-11D3-BF4B-00C04F79EFBC}") = "WebEas.Esam.ServiceModel.Office.Bds", "BDS\ServiceModel\WebEas.Esam.ServiceModel.Office.Bds\WebEas.Esam.ServiceModel.Office.Bds.csproj", "{630888EC-7671-47DF-AECD-18BAD4EC52AC}"
EndProject
Project("{FAE04EC0-301F-11D3-BF4B-00C04F79EFBC}") = "WebEas.Esam.Office.Bds", "BDS\Web\Office\WebEas.Esam.Office.Bds\WebEas.Esam.Office.Bds.csproj", "{5A8C2BBA-7B38-4CD4-8341-D0A747CBF8CC}"
EndProject
Project("{2150E333-8FDC-42A3-9474-1A3956D46DE8}") = "Webeas", "Webeas", "{7F7141DA-6ACA-4811-8B9C-3FA4B428D8AF}"
EndProject
Project("{2150E333-8FDC-42A3-9474-1A3956D46DE8}") = "ServiceInterface", "ServiceInterface", "{55D60A33-AD35-4843-846E-0BC69366A224}"
EndProject
Project("{2150E333-8FDC-42A3-9474-1A3956D46DE8}") = "ServiceModel", "ServiceModel", "{23E62674-2932-4B9B-9490-5D18EE55D1F6}"
EndProject
Project("{FAE04EC0-301F-11D3-BF4B-00C04F79EFBC}") = "WebEas.Esam.ServiceInterface.Office.Cfe", "BDS\ServiceInterface\WebEas.Esam.ServiceInterface.Office.Cfe\WebEas.Esam.ServiceInterface.Office.Cfe.csproj", "{B85EA2D5-AB2B-425E-BE89-42BC75DF01F6}"
EndProject
Project("{FAE04EC0-301F-11D3-BF4B-00C04F79EFBC}") = "WebEas.Esam.ServiceModel.Office.Cfe", "BDS\ServiceModel\WebEas.Esam.ServiceModel.Office.Cfe\WebEas.Esam.ServiceModel.Office.Cfe.csproj", "{034E196C-9754-4AE6-86F7-C05DE96B6913}"
EndProject
Project("{FAE04EC0-301F-11D3-BF4B-00C04F79EFBC}") = "WebEas.Esam.Office.Cfe", "BDS\Web\Office\WebEas.Esam.Office.Cfe\WebEas.Esam.Office.Cfe.csproj", "{E2F1B3B9-DE75-47FB-8CB5-CACDEB04CC1C}"
EndProject
Project("{FAE04EC0-301F-11D3-BF4B-00C04F79EFBC}") = "WebEas.Core.Common", "WebEas\WebEas.Core.Common\WebEas.Core.Common.csproj", "{362E3C3F-9257-4CE5-8522-2C50A1B1D044}"
EndProject
Project("{FAE04EC0-301F-11D3-BF4B-00C04F79EFBC}") = "WebEas.Core.Interface", "WebEas\WebEas.Core.Interface\WebEas.Core.Interface.csproj", "{E5782D41-FAB9-4CD1-B035-C644DD77C8AF}"
EndProject
Project("{FAE04EC0-301F-11D3-BF4B-00C04F79EFBC}") = "WebEas.ServiceModel", "WebEas\ServiceModel\WebEas.ServiceModel\WebEas.ServiceModel.csproj", "{DBEB833F-907C-4ABC-8CB1-5FC579690D28}"
EndProject
Project("{FAE04EC0-301F-11D3-BF4B-00C04F79EFBC}") = "WebEas.ServiceInterface", "WebEas\ServiceInterface\WebEas.ServiceInterface\WebEas.ServiceInterface.csproj", "{CEA4B7A0-01D0-4E0D-A6AF-D929BD5671FF}"
EndProject
Project("{9A19103F-16F7-4668-BE54-9A1E7A4F7556}") = "WebEas.Esam.Reports", "BDS\WebEas.Esam.Reports\WebEas.Esam.Reports.csproj", "{AA18F7F5-A378-4BA0-AED5-D3E4D989C7CE}"
EndProject
Project("{F184B08F-C81C-45F6-A57F-5ABD9991F28F}") = "D3dGraphic2", "D3dGraphic\D3dGraphic2.vbproj", "{78DFA972-F7FF-4246-AE55-7FF909060F5B}"
EndProject
Global
	GlobalSection(SolutionConfigurationPlatforms) = preSolution
		Debug|Any CPU = Debug|Any CPU
		Develop|Any CPU = Develop|Any CPU
		Int|Any CPU = Int|Any CPU
		Prod|Any CPU = Prod|Any CPU
		Release|Any CPU = Release|Any CPU
		Test|Any CPU = Test|Any CPU
	EndGlobalSection
	GlobalSection(ProjectConfigurationPlatforms) = postSolution
		{F73F656C-593F-47A1-84A6-855EA5474A3E}.Debug|Any CPU.ActiveCfg = Debug|Any CPU
		{F73F656C-593F-47A1-84A6-855EA5474A3E}.Debug|Any CPU.Build.0 = Debug|Any CPU
		{F73F656C-593F-47A1-84A6-855EA5474A3E}.Develop|Any CPU.ActiveCfg = Develop|Any CPU
		{F73F656C-593F-47A1-84A6-855EA5474A3E}.Develop|Any CPU.Build.0 = Develop|Any CPU
		{F73F656C-593F-47A1-84A6-855EA5474A3E}.Int|Any CPU.ActiveCfg = Release|Any CPU
		{F73F656C-593F-47A1-84A6-855EA5474A3E}.Int|Any CPU.Build.0 = Release|Any CPU
		{F73F656C-593F-47A1-84A6-855EA5474A3E}.Prod|Any CPU.ActiveCfg = Release|Any CPU
		{F73F656C-593F-47A1-84A6-855EA5474A3E}.Prod|Any CPU.Build.0 = Release|Any CPU
		{F73F656C-593F-47A1-84A6-855EA5474A3E}.Release|Any CPU.ActiveCfg = Release|Any CPU
		{F73F656C-593F-47A1-84A6-855EA5474A3E}.Release|Any CPU.Build.0 = Release|Any CPU
		{F73F656C-593F-47A1-84A6-855EA5474A3E}.Test|Any CPU.ActiveCfg = Release|Any CPU
		{F73F656C-593F-47A1-84A6-855EA5474A3E}.Test|Any CPU.Build.0 = Release|Any CPU
		{196FAC5C-025D-4DDE-802C-B763DECB2402}.Debug|Any CPU.ActiveCfg = Debug|Any CPU
		{196FAC5C-025D-4DDE-802C-B763DECB2402}.Debug|Any CPU.Build.0 = Debug|Any CPU
		{196FAC5C-025D-4DDE-802C-B763DECB2402}.Develop|Any CPU.ActiveCfg = Develop|Any CPU
		{196FAC5C-025D-4DDE-802C-B763DECB2402}.Develop|Any CPU.Build.0 = Develop|Any CPU
		{196FAC5C-025D-4DDE-802C-B763DECB2402}.Int|Any CPU.ActiveCfg = Release|Any CPU
		{196FAC5C-025D-4DDE-802C-B763DECB2402}.Int|Any CPU.Build.0 = Release|Any CPU
		{196FAC5C-025D-4DDE-802C-B763DECB2402}.Prod|Any CPU.ActiveCfg = Release|Any CPU
		{196FAC5C-025D-4DDE-802C-B763DECB2402}.Prod|Any CPU.Build.0 = Release|Any CPU
		{196FAC5C-025D-4DDE-802C-B763DECB2402}.Release|Any CPU.ActiveCfg = Release|Any CPU
		{196FAC5C-025D-4DDE-802C-B763DECB2402}.Release|Any CPU.Build.0 = Release|Any CPU
		{196FAC5C-025D-4DDE-802C-B763DECB2402}.Test|Any CPU.ActiveCfg = Release|Any CPU
		{196FAC5C-025D-4DDE-802C-B763DECB2402}.Test|Any CPU.Build.0 = Release|Any CPU
		{77DB987D-0093-4D33-A0B8-4AB2DD0D4ED3}.Debug|Any CPU.ActiveCfg = Debug|Any CPU
		{77DB987D-0093-4D33-A0B8-4AB2DD0D4ED3}.Debug|Any CPU.Build.0 = Debug|Any CPU
		{77DB987D-0093-4D33-A0B8-4AB2DD0D4ED3}.Develop|Any CPU.ActiveCfg = Develop|Any CPU
		{77DB987D-0093-4D33-A0B8-4AB2DD0D4ED3}.Develop|Any CPU.Build.0 = Develop|Any CPU
		{77DB987D-0093-4D33-A0B8-4AB2DD0D4ED3}.Int|Any CPU.ActiveCfg = Release|Any CPU
		{77DB987D-0093-4D33-A0B8-4AB2DD0D4ED3}.Int|Any CPU.Build.0 = Release|Any CPU
		{77DB987D-0093-4D33-A0B8-4AB2DD0D4ED3}.Prod|Any CPU.ActiveCfg = Release|Any CPU
		{77DB987D-0093-4D33-A0B8-4AB2DD0D4ED3}.Prod|Any CPU.Build.0 = Release|Any CPU
		{77DB987D-0093-4D33-A0B8-4AB2DD0D4ED3}.Release|Any CPU.ActiveCfg = Release|Any CPU
		{77DB987D-0093-4D33-A0B8-4AB2DD0D4ED3}.Release|Any CPU.Build.0 = Release|Any CPU
		{77DB987D-0093-4D33-A0B8-4AB2DD0D4ED3}.Test|Any CPU.ActiveCfg = Release|Any CPU
		{77DB987D-0093-4D33-A0B8-4AB2DD0D4ED3}.Test|Any CPU.Build.0 = Release|Any CPU
		{A0B8A0DB-8AC5-47E8-925A-862529231D16}.Debug|Any CPU.ActiveCfg = Debug|Any CPU
		{A0B8A0DB-8AC5-47E8-925A-862529231D16}.Debug|Any CPU.Build.0 = Debug|Any CPU
		{A0B8A0DB-8AC5-47E8-925A-862529231D16}.Develop|Any CPU.ActiveCfg = Develop|Any CPU
		{A0B8A0DB-8AC5-47E8-925A-862529231D16}.Develop|Any CPU.Build.0 = Develop|Any CPU
		{A0B8A0DB-8AC5-47E8-925A-862529231D16}.Int|Any CPU.ActiveCfg = Release|Any CPU
		{A0B8A0DB-8AC5-47E8-925A-862529231D16}.Int|Any CPU.Build.0 = Release|Any CPU
		{A0B8A0DB-8AC5-47E8-925A-862529231D16}.Prod|Any CPU.ActiveCfg = Release|Any CPU
		{A0B8A0DB-8AC5-47E8-925A-862529231D16}.Prod|Any CPU.Build.0 = Release|Any CPU
		{A0B8A0DB-8AC5-47E8-925A-862529231D16}.Release|Any CPU.ActiveCfg = Release|Any CPU
		{A0B8A0DB-8AC5-47E8-925A-862529231D16}.Release|Any CPU.Build.0 = Release|Any CPU
		{A0B8A0DB-8AC5-47E8-925A-862529231D16}.Test|Any CPU.ActiveCfg = Release|Any CPU
		{A0B8A0DB-8AC5-47E8-925A-862529231D16}.Test|Any CPU.Build.0 = Release|Any CPU
		{B368A929-AA16-4823-87EC-69E90901D0ED}.Debug|Any CPU.ActiveCfg = Debug|Any CPU
		{B368A929-AA16-4823-87EC-69E90901D0ED}.Debug|Any CPU.Build.0 = Debug|Any CPU
		{B368A929-AA16-4823-87EC-69E90901D0ED}.Develop|Any CPU.ActiveCfg = Develop|Any CPU
		{B368A929-AA16-4823-87EC-69E90901D0ED}.Develop|Any CPU.Build.0 = Develop|Any CPU
		{B368A929-AA16-4823-87EC-69E90901D0ED}.Int|Any CPU.ActiveCfg = Release|Any CPU
		{B368A929-AA16-4823-87EC-69E90901D0ED}.Int|Any CPU.Build.0 = Release|Any CPU
		{B368A929-AA16-4823-87EC-69E90901D0ED}.Prod|Any CPU.ActiveCfg = Release|Any CPU
		{B368A929-AA16-4823-87EC-69E90901D0ED}.Prod|Any CPU.Build.0 = Release|Any CPU
		{B368A929-AA16-4823-87EC-69E90901D0ED}.Release|Any CPU.ActiveCfg = Release|Any CPU
		{B368A929-AA16-4823-87EC-69E90901D0ED}.Release|Any CPU.Build.0 = Release|Any CPU
		{B368A929-AA16-4823-87EC-69E90901D0ED}.Test|Any CPU.ActiveCfg = Release|Any CPU
		{B368A929-AA16-4823-87EC-69E90901D0ED}.Test|Any CPU.Build.0 = Release|Any CPU
		{E85EA2D5-BB2B-425E-BE89-D2BC75DF04F9}.Debug|Any CPU.ActiveCfg = Debug|Any CPU
		{E85EA2D5-BB2B-425E-BE89-D2BC75DF04F9}.Debug|Any CPU.Build.0 = Debug|Any CPU
		{E85EA2D5-BB2B-425E-BE89-D2BC75DF04F9}.Develop|Any CPU.ActiveCfg = Develop|Any CPU
		{E85EA2D5-BB2B-425E-BE89-D2BC75DF04F9}.Develop|Any CPU.Build.0 = Develop|Any CPU
		{E85EA2D5-BB2B-425E-BE89-D2BC75DF04F9}.Int|Any CPU.ActiveCfg = Release|Any CPU
		{E85EA2D5-BB2B-425E-BE89-D2BC75DF04F9}.Int|Any CPU.Build.0 = Release|Any CPU
		{E85EA2D5-BB2B-425E-BE89-D2BC75DF04F9}.Prod|Any CPU.ActiveCfg = Release|Any CPU
		{E85EA2D5-BB2B-425E-BE89-D2BC75DF04F9}.Prod|Any CPU.Build.0 = Release|Any CPU
		{E85EA2D5-BB2B-425E-BE89-D2BC75DF04F9}.Release|Any CPU.ActiveCfg = Release|Any CPU
		{E85EA2D5-BB2B-425E-BE89-D2BC75DF04F9}.Release|Any CPU.Build.0 = Release|Any CPU
		{E85EA2D5-BB2B-425E-BE89-D2BC75DF04F9}.Test|Any CPU.ActiveCfg = Release|Any CPU
		{E85EA2D5-BB2B-425E-BE89-D2BC75DF04F9}.Test|Any CPU.Build.0 = Release|Any CPU
		{630888EC-7671-47DF-AECD-18BAD4EC52AC}.Debug|Any CPU.ActiveCfg = Debug|Any CPU
		{630888EC-7671-47DF-AECD-18BAD4EC52AC}.Debug|Any CPU.Build.0 = Debug|Any CPU
		{630888EC-7671-47DF-AECD-18BAD4EC52AC}.Develop|Any CPU.ActiveCfg = Develop|Any CPU
		{630888EC-7671-47DF-AECD-18BAD4EC52AC}.Develop|Any CPU.Build.0 = Develop|Any CPU
		{630888EC-7671-47DF-AECD-18BAD4EC52AC}.Int|Any CPU.ActiveCfg = Release|Any CPU
		{630888EC-7671-47DF-AECD-18BAD4EC52AC}.Int|Any CPU.Build.0 = Release|Any CPU
		{630888EC-7671-47DF-AECD-18BAD4EC52AC}.Prod|Any CPU.ActiveCfg = Release|Any CPU
		{630888EC-7671-47DF-AECD-18BAD4EC52AC}.Prod|Any CPU.Build.0 = Release|Any CPU
		{630888EC-7671-47DF-AECD-18BAD4EC52AC}.Release|Any CPU.ActiveCfg = Release|Any CPU
		{630888EC-7671-47DF-AECD-18BAD4EC52AC}.Release|Any CPU.Build.0 = Release|Any CPU
		{630888EC-7671-47DF-AECD-18BAD4EC52AC}.Test|Any CPU.ActiveCfg = Release|Any CPU
		{630888EC-7671-47DF-AECD-18BAD4EC52AC}.Test|Any CPU.Build.0 = Release|Any CPU
		{5A8C2BBA-7B38-4CD4-8341-D0A747CBF8CC}.Debug|Any CPU.ActiveCfg = Debug|Any CPU
		{5A8C2BBA-7B38-4CD4-8341-D0A747CBF8CC}.Debug|Any CPU.Build.0 = Debug|Any CPU
		{5A8C2BBA-7B38-4CD4-8341-D0A747CBF8CC}.Develop|Any CPU.ActiveCfg = Develop|Any CPU
		{5A8C2BBA-7B38-4CD4-8341-D0A747CBF8CC}.Develop|Any CPU.Build.0 = Develop|Any CPU
		{5A8C2BBA-7B38-4CD4-8341-D0A747CBF8CC}.Int|Any CPU.ActiveCfg = Release|Any CPU
		{5A8C2BBA-7B38-4CD4-8341-D0A747CBF8CC}.Int|Any CPU.Build.0 = Release|Any CPU
		{5A8C2BBA-7B38-4CD4-8341-D0A747CBF8CC}.Prod|Any CPU.ActiveCfg = Release|Any CPU
		{5A8C2BBA-7B38-4CD4-8341-D0A747CBF8CC}.Prod|Any CPU.Build.0 = Release|Any CPU
		{5A8C2BBA-7B38-4CD4-8341-D0A747CBF8CC}.Release|Any CPU.ActiveCfg = Release|Any CPU
		{5A8C2BBA-7B38-4CD4-8341-D0A747CBF8CC}.Release|Any CPU.Build.0 = Release|Any CPU
		{5A8C2BBA-7B38-4CD4-8341-D0A747CBF8CC}.Test|Any CPU.ActiveCfg = Release|Any CPU
		{5A8C2BBA-7B38-4CD4-8341-D0A747CBF8CC}.Test|Any CPU.Build.0 = Release|Any CPU
		{B85EA2D5-AB2B-425E-BE89-42BC75DF01F6}.Debug|Any CPU.ActiveCfg = Debug|Any CPU
		{B85EA2D5-AB2B-425E-BE89-42BC75DF01F6}.Debug|Any CPU.Build.0 = Debug|Any CPU
		{B85EA2D5-AB2B-425E-BE89-42BC75DF01F6}.Develop|Any CPU.ActiveCfg = Debug|Any CPU
		{B85EA2D5-AB2B-425E-BE89-42BC75DF01F6}.Develop|Any CPU.Build.0 = Debug|Any CPU
		{B85EA2D5-AB2B-425E-BE89-42BC75DF01F6}.Int|Any CPU.ActiveCfg = Release|Any CPU
		{B85EA2D5-AB2B-425E-BE89-42BC75DF01F6}.Int|Any CPU.Build.0 = Release|Any CPU
		{B85EA2D5-AB2B-425E-BE89-42BC75DF01F6}.Prod|Any CPU.ActiveCfg = Release|Any CPU
		{B85EA2D5-AB2B-425E-BE89-42BC75DF01F6}.Prod|Any CPU.Build.0 = Release|Any CPU
		{B85EA2D5-AB2B-425E-BE89-42BC75DF01F6}.Release|Any CPU.ActiveCfg = Release|Any CPU
		{B85EA2D5-AB2B-425E-BE89-42BC75DF01F6}.Release|Any CPU.Build.0 = Release|Any CPU
		{B85EA2D5-AB2B-425E-BE89-42BC75DF01F6}.Test|Any CPU.ActiveCfg = Release|Any CPU
		{B85EA2D5-AB2B-425E-BE89-42BC75DF01F6}.Test|Any CPU.Build.0 = Release|Any CPU
		{034E196C-9754-4AE6-86F7-C05DE96B6913}.Debug|Any CPU.ActiveCfg = Debug|Any CPU
		{034E196C-9754-4AE6-86F7-C05DE96B6913}.Debug|Any CPU.Build.0 = Debug|Any CPU
		{034E196C-9754-4AE6-86F7-C05DE96B6913}.Develop|Any CPU.ActiveCfg = Debug|Any CPU
		{034E196C-9754-4AE6-86F7-C05DE96B6913}.Develop|Any CPU.Build.0 = Debug|Any CPU
		{034E196C-9754-4AE6-86F7-C05DE96B6913}.Int|Any CPU.ActiveCfg = Release|Any CPU
		{034E196C-9754-4AE6-86F7-C05DE96B6913}.Int|Any CPU.Build.0 = Release|Any CPU
		{034E196C-9754-4AE6-86F7-C05DE96B6913}.Prod|Any CPU.ActiveCfg = Release|Any CPU
		{034E196C-9754-4AE6-86F7-C05DE96B6913}.Prod|Any CPU.Build.0 = Release|Any CPU
		{034E196C-9754-4AE6-86F7-C05DE96B6913}.Release|Any CPU.ActiveCfg = Release|Any CPU
		{034E196C-9754-4AE6-86F7-C05DE96B6913}.Release|Any CPU.Build.0 = Release|Any CPU
		{034E196C-9754-4AE6-86F7-C05DE96B6913}.Test|Any CPU.ActiveCfg = Release|Any CPU
		{034E196C-9754-4AE6-86F7-C05DE96B6913}.Test|Any CPU.Build.0 = Release|Any CPU
		{E2F1B3B9-DE75-47FB-8CB5-CACDEB04CC1C}.Debug|Any CPU.ActiveCfg = Debug|Any CPU
		{E2F1B3B9-DE75-47FB-8CB5-CACDEB04CC1C}.Debug|Any CPU.Build.0 = Debug|Any CPU
		{E2F1B3B9-DE75-47FB-8CB5-CACDEB04CC1C}.Develop|Any CPU.ActiveCfg = Debug|Any CPU
		{E2F1B3B9-DE75-47FB-8CB5-CACDEB04CC1C}.Develop|Any CPU.Build.0 = Debug|Any CPU
		{E2F1B3B9-DE75-47FB-8CB5-CACDEB04CC1C}.Int|Any CPU.ActiveCfg = Release|Any CPU
		{E2F1B3B9-DE75-47FB-8CB5-CACDEB04CC1C}.Int|Any CPU.Build.0 = Release|Any CPU
		{E2F1B3B9-DE75-47FB-8CB5-CACDEB04CC1C}.Prod|Any CPU.ActiveCfg = Release|Any CPU
		{E2F1B3B9-DE75-47FB-8CB5-CACDEB04CC1C}.Prod|Any CPU.Build.0 = Release|Any CPU
		{E2F1B3B9-DE75-47FB-8CB5-CACDEB04CC1C}.Release|Any CPU.ActiveCfg = Release|Any CPU
		{E2F1B3B9-DE75-47FB-8CB5-CACDEB04CC1C}.Release|Any CPU.Build.0 = Release|Any CPU
		{E2F1B3B9-DE75-47FB-8CB5-CACDEB04CC1C}.Test|Any CPU.ActiveCfg = Release|Any CPU
		{E2F1B3B9-DE75-47FB-8CB5-CACDEB04CC1C}.Test|Any CPU.Build.0 = Release|Any CPU
		{362E3C3F-9257-4CE5-8522-2C50A1B1D044}.Debug|Any CPU.ActiveCfg = Debug|Any CPU
		{362E3C3F-9257-4CE5-8522-2C50A1B1D044}.Debug|Any CPU.Build.0 = Debug|Any CPU
		{362E3C3F-9257-4CE5-8522-2C50A1B1D044}.Develop|Any CPU.ActiveCfg = Develop|Any CPU
		{362E3C3F-9257-4CE5-8522-2C50A1B1D044}.Develop|Any CPU.Build.0 = Develop|Any CPU
		{362E3C3F-9257-4CE5-8522-2C50A1B1D044}.Int|Any CPU.ActiveCfg = Debug|Any CPU
		{362E3C3F-9257-4CE5-8522-2C50A1B1D044}.Int|Any CPU.Build.0 = Debug|Any CPU
		{362E3C3F-9257-4CE5-8522-2C50A1B1D044}.Prod|Any CPU.ActiveCfg = Prod|Any CPU
		{362E3C3F-9257-4CE5-8522-2C50A1B1D044}.Prod|Any CPU.Build.0 = Prod|Any CPU
		{362E3C3F-9257-4CE5-8522-2C50A1B1D044}.Release|Any CPU.ActiveCfg = Release|Any CPU
		{362E3C3F-9257-4CE5-8522-2C50A1B1D044}.Release|Any CPU.Build.0 = Release|Any CPU
		{362E3C3F-9257-4CE5-8522-2C50A1B1D044}.Test|Any CPU.ActiveCfg = Test|Any CPU
		{362E3C3F-9257-4CE5-8522-2C50A1B1D044}.Test|Any CPU.Build.0 = Test|Any CPU
		{E5782D41-FAB9-4CD1-B035-C644DD77C8AF}.Debug|Any CPU.ActiveCfg = Debug|Any CPU
		{E5782D41-FAB9-4CD1-B035-C644DD77C8AF}.Debug|Any CPU.Build.0 = Debug|Any CPU
		{E5782D41-FAB9-4CD1-B035-C644DD77C8AF}.Develop|Any CPU.ActiveCfg = Develop|Any CPU
		{E5782D41-FAB9-4CD1-B035-C644DD77C8AF}.Develop|Any CPU.Build.0 = Develop|Any CPU
		{E5782D41-FAB9-4CD1-B035-C644DD77C8AF}.Int|Any CPU.ActiveCfg = Debug|Any CPU
		{E5782D41-FAB9-4CD1-B035-C644DD77C8AF}.Int|Any CPU.Build.0 = Debug|Any CPU
		{E5782D41-FAB9-4CD1-B035-C644DD77C8AF}.Prod|Any CPU.ActiveCfg = Prod|Any CPU
		{E5782D41-FAB9-4CD1-B035-C644DD77C8AF}.Prod|Any CPU.Build.0 = Prod|Any CPU
		{E5782D41-FAB9-4CD1-B035-C644DD77C8AF}.Release|Any CPU.ActiveCfg = Release|Any CPU
		{E5782D41-FAB9-4CD1-B035-C644DD77C8AF}.Release|Any CPU.Build.0 = Release|Any CPU
		{E5782D41-FAB9-4CD1-B035-C644DD77C8AF}.Test|Any CPU.ActiveCfg = Test|Any CPU
		{E5782D41-FAB9-4CD1-B035-C644DD77C8AF}.Test|Any CPU.Build.0 = Test|Any CPU
		{DBEB833F-907C-4ABC-8CB1-5FC579690D28}.Debug|Any CPU.ActiveCfg = Debug|Any CPU
		{DBEB833F-907C-4ABC-8CB1-5FC579690D28}.Debug|Any CPU.Build.0 = Debug|Any CPU
		{DBEB833F-907C-4ABC-8CB1-5FC579690D28}.Develop|Any CPU.ActiveCfg = Develop|Any CPU
		{DBEB833F-907C-4ABC-8CB1-5FC579690D28}.Develop|Any CPU.Build.0 = Develop|Any CPU
		{DBEB833F-907C-4ABC-8CB1-5FC579690D28}.Int|Any CPU.ActiveCfg = Debug|Any CPU
		{DBEB833F-907C-4ABC-8CB1-5FC579690D28}.Int|Any CPU.Build.0 = Debug|Any CPU
		{DBEB833F-907C-4ABC-8CB1-5FC579690D28}.Prod|Any CPU.ActiveCfg = Prod|Any CPU
		{DBEB833F-907C-4ABC-8CB1-5FC579690D28}.Prod|Any CPU.Build.0 = Prod|Any CPU
		{DBEB833F-907C-4ABC-8CB1-5FC579690D28}.Release|Any CPU.ActiveCfg = Release|Any CPU
		{DBEB833F-907C-4ABC-8CB1-5FC579690D28}.Release|Any CPU.Build.0 = Release|Any CPU
		{DBEB833F-907C-4ABC-8CB1-5FC579690D28}.Test|Any CPU.ActiveCfg = Test|Any CPU
		{DBEB833F-907C-4ABC-8CB1-5FC579690D28}.Test|Any CPU.Build.0 = Test|Any CPU
		{CEA4B7A0-01D0-4E0D-A6AF-D929BD5671FF}.Debug|Any CPU.ActiveCfg = Debug|Any CPU
		{CEA4B7A0-01D0-4E0D-A6AF-D929BD5671FF}.Debug|Any CPU.Build.0 = Debug|Any CPU
		{CEA4B7A0-01D0-4E0D-A6AF-D929BD5671FF}.Develop|Any CPU.ActiveCfg = Develop|Any CPU
		{CEA4B7A0-01D0-4E0D-A6AF-D929BD5671FF}.Develop|Any CPU.Build.0 = Develop|Any CPU
		{CEA4B7A0-01D0-4E0D-A6AF-D929BD5671FF}.Int|Any CPU.ActiveCfg = Debug|Any CPU
		{CEA4B7A0-01D0-4E0D-A6AF-D929BD5671FF}.Int|Any CPU.Build.0 = Debug|Any CPU
		{CEA4B7A0-01D0-4E0D-A6AF-D929BD5671FF}.Prod|Any CPU.ActiveCfg = Prod|Any CPU
		{CEA4B7A0-01D0-4E0D-A6AF-D929BD5671FF}.Prod|Any CPU.Build.0 = Prod|Any CPU
		{CEA4B7A0-01D0-4E0D-A6AF-D929BD5671FF}.Release|Any CPU.ActiveCfg = Release|Any CPU
		{CEA4B7A0-01D0-4E0D-A6AF-D929BD5671FF}.Release|Any CPU.Build.0 = Release|Any CPU
		{CEA4B7A0-01D0-4E0D-A6AF-D929BD5671FF}.Test|Any CPU.ActiveCfg = Test|Any CPU
		{CEA4B7A0-01D0-4E0D-A6AF-D929BD5671FF}.Test|Any CPU.Build.0 = Test|Any CPU
		{AA18F7F5-A378-4BA0-AED5-D3E4D989C7CE}.Debug|Any CPU.ActiveCfg = Debug|Any CPU
		{AA18F7F5-A378-4BA0-AED5-D3E4D989C7CE}.Debug|Any CPU.Build.0 = Debug|Any CPU
		{AA18F7F5-A378-4BA0-AED5-D3E4D989C7CE}.Develop|Any CPU.ActiveCfg = Debug|Any CPU
		{AA18F7F5-A378-4BA0-AED5-D3E4D989C7CE}.Develop|Any CPU.Build.0 = Debug|Any CPU
		{AA18F7F5-A378-4BA0-AED5-D3E4D989C7CE}.Int|Any CPU.ActiveCfg = Debug|Any CPU
		{AA18F7F5-A378-4BA0-AED5-D3E4D989C7CE}.Int|Any CPU.Build.0 = Debug|Any CPU
		{AA18F7F5-A378-4BA0-AED5-D3E4D989C7CE}.Prod|Any CPU.ActiveCfg = Debug|Any CPU
		{AA18F7F5-A378-4BA0-AED5-D3E4D989C7CE}.Prod|Any CPU.Build.0 = Debug|Any CPU
		{AA18F7F5-A378-4BA0-AED5-D3E4D989C7CE}.Release|Any CPU.ActiveCfg = Release|Any CPU
		{AA18F7F5-A378-4BA0-AED5-D3E4D989C7CE}.Release|Any CPU.Build.0 = Release|Any CPU
		{AA18F7F5-A378-4BA0-AED5-D3E4D989C7CE}.Test|Any CPU.ActiveCfg = Debug|Any CPU
		{AA18F7F5-A378-4BA0-AED5-D3E4D989C7CE}.Test|Any CPU.Build.0 = Debug|Any CPU
		{78DFA972-F7FF-4246-AE55-7FF909060F5B}.Debug|Any CPU.ActiveCfg = Debug|Any CPU
		{78DFA972-F7FF-4246-AE55-7FF909060F5B}.Debug|Any CPU.Build.0 = Debug|Any CPU
		{78DFA972-F7FF-4246-AE55-7FF909060F5B}.Develop|Any CPU.ActiveCfg = Debug|Any CPU
		{78DFA972-F7FF-4246-AE55-7FF909060F5B}.Develop|Any CPU.Build.0 = Debug|Any CPU
		{78DFA972-F7FF-4246-AE55-7FF909060F5B}.Int|Any CPU.ActiveCfg = Debug|Any CPU
		{78DFA972-F7FF-4246-AE55-7FF909060F5B}.Int|Any CPU.Build.0 = Debug|Any CPU
		{78DFA972-F7FF-4246-AE55-7FF909060F5B}.Prod|Any CPU.ActiveCfg = Debug|Any CPU
		{78DFA972-F7FF-4246-AE55-7FF909060F5B}.Prod|Any CPU.Build.0 = Debug|Any CPU
		{78DFA972-F7FF-4246-AE55-7FF909060F5B}.Release|Any CPU.ActiveCfg = Release|Any CPU
		{78DFA972-F7FF-4246-AE55-7FF909060F5B}.Release|Any CPU.Build.0 = Release|Any CPU
		{78DFA972-F7FF-4246-AE55-7FF909060F5B}.Test|Any CPU.ActiveCfg = Debug|Any CPU
		{78DFA972-F7FF-4246-AE55-7FF909060F5B}.Test|Any CPU.Build.0 = Debug|Any CPU
	EndGlobalSection
	GlobalSection(SolutionProperties) = preSolution
		HideSolutionNode = FALSE
	EndGlobalSection
	GlobalSection(NestedProjects) = preSolution
		{188FE94C-B0C9-4A0E-B66D-88574BA9A4D9} = {61FCB6C1-A5C6-427E-A8DB-4FC07E1860E5}
		{10157DF9-5D34-4A86-8DA5-4FDAAC4C81E4} = {61FCB6C1-A5C6-427E-A8DB-4FC07E1860E5}
		{EC76DA65-8F5F-4E09-9FA2-91E4C327CC1F} = {61FCB6C1-A5C6-427E-A8DB-4FC07E1860E5}
		{E50296CD-78D3-4FC8-A116-A25B625AC7B2} = {188FE94C-B0C9-4A0E-B66D-88574BA9A4D9}
		{5A33FDC4-1618-4592-9569-EA964F4C5F5F} = {10157DF9-5D34-4A86-8DA5-4FDAAC4C81E4}
		{20E64CBC-1925-4D31-982F-633430A8F82D} = {EC76DA65-8F5F-4E09-9FA2-91E4C327CC1F}
		{F73F656C-593F-47A1-84A6-855EA5474A3E} = {188FE94C-B0C9-4A0E-B66D-88574BA9A4D9}
		{196FAC5C-025D-4DDE-802C-B763DECB2402} = {10157DF9-5D34-4A86-8DA5-4FDAAC4C81E4}
		{77DB987D-0093-4D33-A0B8-4AB2DD0D4ED3} = {EC76DA65-8F5F-4E09-9FA2-91E4C327CC1F}
		{A0B8A0DB-8AC5-47E8-925A-862529231D16} = {E50296CD-78D3-4FC8-A116-A25B625AC7B2}
		{B368A929-AA16-4823-87EC-69E90901D0ED} = {5A33FDC4-1618-4592-9569-EA964F4C5F5F}
		{E85EA2D5-BB2B-425E-BE89-D2BC75DF04F9} = {E50296CD-78D3-4FC8-A116-A25B625AC7B2}
		{630888EC-7671-47DF-AECD-18BAD4EC52AC} = {5A33FDC4-1618-4592-9569-EA964F4C5F5F}
		{5A8C2BBA-7B38-4CD4-8341-D0A747CBF8CC} = {20E64CBC-1925-4D31-982F-633430A8F82D}
		{55D60A33-AD35-4843-846E-0BC69366A224} = {7F7141DA-6ACA-4811-8B9C-3FA4B428D8AF}
		{23E62674-2932-4B9B-9490-5D18EE55D1F6} = {7F7141DA-6ACA-4811-8B9C-3FA4B428D8AF}
		{B85EA2D5-AB2B-425E-BE89-42BC75DF01F6} = {E50296CD-78D3-4FC8-A116-A25B625AC7B2}
		{034E196C-9754-4AE6-86F7-C05DE96B6913} = {5A33FDC4-1618-4592-9569-EA964F4C5F5F}
		{E2F1B3B9-DE75-47FB-8CB5-CACDEB04CC1C} = {20E64CBC-1925-4D31-982F-633430A8F82D}
		{362E3C3F-9257-4CE5-8522-2C50A1B1D044} = {7F7141DA-6ACA-4811-8B9C-3FA4B428D8AF}
		{E5782D41-FAB9-4CD1-B035-C644DD77C8AF} = {7F7141DA-6ACA-4811-8B9C-3FA4B428D8AF}
		{DBEB833F-907C-4ABC-8CB1-5FC579690D28} = {23E62674-2932-4B9B-9490-5D18EE55D1F6}
		{CEA4B7A0-01D0-4E0D-A6AF-D929BD5671FF} = {23E62674-2932-4B9B-9490-5D18EE55D1F6}
		{AA18F7F5-A378-4BA0-AED5-D3E4D989C7CE} = {61FCB6C1-A5C6-427E-A8DB-4FC07E1860E5}
		{78DFA972-F7FF-4246-AE55-7FF909060F5B} = {61FCB6C1-A5C6-427E-A8DB-4FC07E1860E5}
	EndGlobalSection
	GlobalSection(ExtensibilityGlobals) = postSolution
		SolutionGuid = {97985E58-AF3A-49DB-B2A5-7AAB883E595F}
	EndGlobalSection
EndGlobal
