
Microsoft Visual Studio Solution File, Format Version 12.00
# Visual Studio 15
VisualStudioVersion = 15.0.26430.12
MinimumVisualStudioVersion = 10.0.40219.1
Project("{FAE04EC0-301F-11D3-BF4B-00C04F79EFBC}") = "WebEas.Core.Common", "WebEas.Core.Common\WebEas.Core.Common.csproj", "{362E3C3F-9257-4CE5-8522-2C50A1B1D044}"
EndProject
Project("{FAE04EC0-301F-11D3-BF4B-00C04F79EFBC}") = "WebEas.Core.Interface", "WebEas.Core.Interface\WebEas.Core.Interface.csproj", "{E5782D41-FAB9-4CD1-B035-C644DD77C8AF}"
EndProject
Project("{FAE04EC0-301F-11D3-BF4B-00C04F79EFBC}") = "WebEas.Services.Esb.Test", "WebEas.Services.Esb.Test\WebEas.Services.Esb.Test.csproj", "{663C0AFB-03CD-4651-9100-51D6F3A1FE76}"
EndProject
Project("{FAE04EC0-301F-11D3-BF4B-00C04F79EFBC}") = "WebEas.Core.Test", "WebEas.Core.Test\WebEas.Core.Test.csproj", "{F236A2CA-4BC8-44C0-8D01-6061A1DD9766}"
EndProject
Project("{FAE04EC0-301F-11D3-BF4B-00C04F79EFBC}") = "WebEas.Services.Esb", "WebEas.Services.Esb\WebEas.Services.Esb.csproj", "{870F7F06-7FDA-4A8B-8830-2B320DE9C45E}"
EndProject
Project("{2150E333-8FDC-42A3-9474-1A3956D46DE8}") = "Webeas", "Webeas", "{E414A7C9-3CE5-413A-8227-4EBB5F908D6C}"
EndProject
Project("{2150E333-8FDC-42A3-9474-1A3956D46DE8}") = "ServiceInterface", "ServiceInterface", "{A7E57114-68FD-4EF8-ABC3-100FC5CEEFE7}"
EndProject
Project("{2150E333-8FDC-42A3-9474-1A3956D46DE8}") = "ServiceModel", "ServiceModel", "{0A3DEAE6-492E-45D0-8242-26D3941D2FAA}"
EndProject
Project("{FAE04EC0-301F-11D3-BF4B-00C04F79EFBC}") = "WebEas.ServiceModel", "WebEas\ServiceModel\WebEas.ServiceModel\WebEas.ServiceModel.csproj", "{1B40E5EE-7311-46E7-8241-D9F0C443905D}"
EndProject
Project("{FAE04EC0-301F-11D3-BF4B-00C04F79EFBC}") = "WebEas.ServiceInterface", "WebEas\ServiceInterface\WebEas.ServiceInterface\WebEas.ServiceInterface.csproj", "{E2A6581B-C2D4-42E4-A5D6-14EA0753EE7D}"
EndProject
Global
	GlobalSection(SolutionConfigurationPlatforms) = preSolution
		BA_Debug|Any CPU = BA_Debug|Any CPU
		Debug|Any CPU = Debug|Any CPU
		Develop|Any CPU = Develop|Any CPU
		Edu|Any CPU = Edu|Any CPU
		Int|Any CPU = Int|Any CPU
		Prod|Any CPU = Prod|Any CPU
		Release|Any CPU = Release|Any CPU
		Test|Any CPU = Test|Any CPU
	EndGlobalSection
	GlobalSection(ProjectConfigurationPlatforms) = postSolution
		{362E3C3F-9257-4CE5-8522-2C50A1B1D044}.BA_Debug|Any CPU.ActiveCfg = BA_Debug|Any CPU
		{362E3C3F-9257-4CE5-8522-2C50A1B1D044}.BA_Debug|Any CPU.Build.0 = BA_Debug|Any CPU
		{362E3C3F-9257-4CE5-8522-2C50A1B1D044}.Debug|Any CPU.ActiveCfg = Debug|Any CPU
		{362E3C3F-9257-4CE5-8522-2C50A1B1D044}.Debug|Any CPU.Build.0 = Debug|Any CPU
		{362E3C3F-9257-4CE5-8522-2C50A1B1D044}.Develop|Any CPU.ActiveCfg = Develop|Any CPU
		{362E3C3F-9257-4CE5-8522-2C50A1B1D044}.Develop|Any CPU.Build.0 = Develop|Any CPU
		{362E3C3F-9257-4CE5-8522-2C50A1B1D044}.Edu|Any CPU.ActiveCfg = Test|Any CPU
		{362E3C3F-9257-4CE5-8522-2C50A1B1D044}.Edu|Any CPU.Build.0 = Test|Any CPU
		{362E3C3F-9257-4CE5-8522-2C50A1B1D044}.Int|Any CPU.ActiveCfg = Int|Any CPU
		{362E3C3F-9257-4CE5-8522-2C50A1B1D044}.Int|Any CPU.Build.0 = Int|Any CPU
		{362E3C3F-9257-4CE5-8522-2C50A1B1D044}.Prod|Any CPU.ActiveCfg = Test|Any CPU
		{362E3C3F-9257-4CE5-8522-2C50A1B1D044}.Prod|Any CPU.Build.0 = Test|Any CPU
		{362E3C3F-9257-4CE5-8522-2C50A1B1D044}.Release|Any CPU.ActiveCfg = Release|Any CPU
		{362E3C3F-9257-4CE5-8522-2C50A1B1D044}.Release|Any CPU.Build.0 = Release|Any CPU
		{362E3C3F-9257-4CE5-8522-2C50A1B1D044}.Test|Any CPU.ActiveCfg = Test|Any CPU
		{362E3C3F-9257-4CE5-8522-2C50A1B1D044}.Test|Any CPU.Build.0 = Test|Any CPU
		{E5782D41-FAB9-4CD1-B035-C644DD77C8AF}.BA_Debug|Any CPU.ActiveCfg = BA_Debug|Any CPU
		{E5782D41-FAB9-4CD1-B035-C644DD77C8AF}.BA_Debug|Any CPU.Build.0 = BA_Debug|Any CPU
		{E5782D41-FAB9-4CD1-B035-C644DD77C8AF}.Debug|Any CPU.ActiveCfg = Debug|Any CPU
		{E5782D41-FAB9-4CD1-B035-C644DD77C8AF}.Debug|Any CPU.Build.0 = Debug|Any CPU
		{E5782D41-FAB9-4CD1-B035-C644DD77C8AF}.Develop|Any CPU.ActiveCfg = Develop|Any CPU
		{E5782D41-FAB9-4CD1-B035-C644DD77C8AF}.Develop|Any CPU.Build.0 = Develop|Any CPU
		{E5782D41-FAB9-4CD1-B035-C644DD77C8AF}.Edu|Any CPU.ActiveCfg = Test|Any CPU
		{E5782D41-FAB9-4CD1-B035-C644DD77C8AF}.Edu|Any CPU.Build.0 = Test|Any CPU
		{E5782D41-FAB9-4CD1-B035-C644DD77C8AF}.Int|Any CPU.ActiveCfg = Int|Any CPU
		{E5782D41-FAB9-4CD1-B035-C644DD77C8AF}.Int|Any CPU.Build.0 = Int|Any CPU
		{E5782D41-FAB9-4CD1-B035-C644DD77C8AF}.Prod|Any CPU.ActiveCfg = Test|Any CPU
		{E5782D41-FAB9-4CD1-B035-C644DD77C8AF}.Prod|Any CPU.Build.0 = Test|Any CPU
		{E5782D41-FAB9-4CD1-B035-C644DD77C8AF}.Release|Any CPU.ActiveCfg = Release|Any CPU
		{E5782D41-FAB9-4CD1-B035-C644DD77C8AF}.Release|Any CPU.Build.0 = Release|Any CPU
		{E5782D41-FAB9-4CD1-B035-C644DD77C8AF}.Test|Any CPU.ActiveCfg = Test|Any CPU
		{E5782D41-FAB9-4CD1-B035-C644DD77C8AF}.Test|Any CPU.Build.0 = Test|Any CPU
		{663C0AFB-03CD-4651-9100-51D6F3A1FE76}.BA_Debug|Any CPU.ActiveCfg = Debug|Any CPU
		{663C0AFB-03CD-4651-9100-51D6F3A1FE76}.BA_Debug|Any CPU.Build.0 = Debug|Any CPU
		{663C0AFB-03CD-4651-9100-51D6F3A1FE76}.Debug|Any CPU.ActiveCfg = Debug|Any CPU
		{663C0AFB-03CD-4651-9100-51D6F3A1FE76}.Develop|Any CPU.ActiveCfg = Debug|Any CPU
		{663C0AFB-03CD-4651-9100-51D6F3A1FE76}.Develop|Any CPU.Build.0 = Debug|Any CPU
		{663C0AFB-03CD-4651-9100-51D6F3A1FE76}.Edu|Any CPU.ActiveCfg = Release|Any CPU
		{663C0AFB-03CD-4651-9100-51D6F3A1FE76}.Edu|Any CPU.Build.0 = Release|Any CPU
		{663C0AFB-03CD-4651-9100-51D6F3A1FE76}.Int|Any CPU.ActiveCfg = Test|Any CPU
		{663C0AFB-03CD-4651-9100-51D6F3A1FE76}.Int|Any CPU.Build.0 = Test|Any CPU
		{663C0AFB-03CD-4651-9100-51D6F3A1FE76}.Prod|Any CPU.ActiveCfg = Release|Any CPU
		{663C0AFB-03CD-4651-9100-51D6F3A1FE76}.Prod|Any CPU.Build.0 = Release|Any CPU
		{663C0AFB-03CD-4651-9100-51D6F3A1FE76}.Release|Any CPU.ActiveCfg = Release|Any CPU
		{663C0AFB-03CD-4651-9100-51D6F3A1FE76}.Test|Any CPU.ActiveCfg = Test|Any CPU
		{663C0AFB-03CD-4651-9100-51D6F3A1FE76}.Test|Any CPU.Build.0 = Test|Any CPU
		{F236A2CA-4BC8-44C0-8D01-6061A1DD9766}.BA_Debug|Any CPU.ActiveCfg = Debug|Any CPU
		{F236A2CA-4BC8-44C0-8D01-6061A1DD9766}.BA_Debug|Any CPU.Build.0 = Debug|Any CPU
		{F236A2CA-4BC8-44C0-8D01-6061A1DD9766}.Debug|Any CPU.ActiveCfg = Debug|Any CPU
		{F236A2CA-4BC8-44C0-8D01-6061A1DD9766}.Develop|Any CPU.ActiveCfg = Debug|Any CPU
		{F236A2CA-4BC8-44C0-8D01-6061A1DD9766}.Develop|Any CPU.Build.0 = Debug|Any CPU
		{F236A2CA-4BC8-44C0-8D01-6061A1DD9766}.Edu|Any CPU.ActiveCfg = Release|Any CPU
		{F236A2CA-4BC8-44C0-8D01-6061A1DD9766}.Edu|Any CPU.Build.0 = Release|Any CPU
		{F236A2CA-4BC8-44C0-8D01-6061A1DD9766}.Int|Any CPU.ActiveCfg = Release|Any CPU
		{F236A2CA-4BC8-44C0-8D01-6061A1DD9766}.Int|Any CPU.Build.0 = Release|Any CPU
		{F236A2CA-4BC8-44C0-8D01-6061A1DD9766}.Prod|Any CPU.ActiveCfg = Release|Any CPU
		{F236A2CA-4BC8-44C0-8D01-6061A1DD9766}.Prod|Any CPU.Build.0 = Release|Any CPU
		{F236A2CA-4BC8-44C0-8D01-6061A1DD9766}.Release|Any CPU.ActiveCfg = Release|Any CPU
		{F236A2CA-4BC8-44C0-8D01-6061A1DD9766}.Test|Any CPU.ActiveCfg = Release|Any CPU
		{F236A2CA-4BC8-44C0-8D01-6061A1DD9766}.Test|Any CPU.Build.0 = Release|Any CPU
		{870F7F06-7FDA-4A8B-8830-2B320DE9C45E}.BA_Debug|Any CPU.ActiveCfg = BA_Debug|Any CPU
		{870F7F06-7FDA-4A8B-8830-2B320DE9C45E}.BA_Debug|Any CPU.Build.0 = BA_Debug|Any CPU
		{870F7F06-7FDA-4A8B-8830-2B320DE9C45E}.Debug|Any CPU.ActiveCfg = Debug|Any CPU
		{870F7F06-7FDA-4A8B-8830-2B320DE9C45E}.Debug|Any CPU.Build.0 = Debug|Any CPU
		{870F7F06-7FDA-4A8B-8830-2B320DE9C45E}.Develop|Any CPU.ActiveCfg = Develop|Any CPU
		{870F7F06-7FDA-4A8B-8830-2B320DE9C45E}.Develop|Any CPU.Build.0 = Develop|Any CPU
		{870F7F06-7FDA-4A8B-8830-2B320DE9C45E}.Edu|Any CPU.ActiveCfg = Test|Any CPU
		{870F7F06-7FDA-4A8B-8830-2B320DE9C45E}.Edu|Any CPU.Build.0 = Test|Any CPU
		{870F7F06-7FDA-4A8B-8830-2B320DE9C45E}.Int|Any CPU.ActiveCfg = Int|Any CPU
		{870F7F06-7FDA-4A8B-8830-2B320DE9C45E}.Int|Any CPU.Build.0 = Int|Any CPU
		{870F7F06-7FDA-4A8B-8830-2B320DE9C45E}.Prod|Any CPU.ActiveCfg = Test|Any CPU
		{870F7F06-7FDA-4A8B-8830-2B320DE9C45E}.Prod|Any CPU.Build.0 = Test|Any CPU
		{870F7F06-7FDA-4A8B-8830-2B320DE9C45E}.Release|Any CPU.ActiveCfg = Release|Any CPU
		{870F7F06-7FDA-4A8B-8830-2B320DE9C45E}.Release|Any CPU.Build.0 = Release|Any CPU
		{870F7F06-7FDA-4A8B-8830-2B320DE9C45E}.Test|Any CPU.ActiveCfg = Test|Any CPU
		{870F7F06-7FDA-4A8B-8830-2B320DE9C45E}.Test|Any CPU.Build.0 = Test|Any CPU
		{1B40E5EE-7311-46E7-8241-D9F0C443905D}.BA_Debug|Any CPU.ActiveCfg = BA_Debug|Any CPU
		{1B40E5EE-7311-46E7-8241-D9F0C443905D}.BA_Debug|Any CPU.Build.0 = BA_Debug|Any CPU
		{1B40E5EE-7311-46E7-8241-D9F0C443905D}.Debug|Any CPU.ActiveCfg = Debug|Any CPU
		{1B40E5EE-7311-46E7-8241-D9F0C443905D}.Debug|Any CPU.Build.0 = Debug|Any CPU
		{1B40E5EE-7311-46E7-8241-D9F0C443905D}.Develop|Any CPU.ActiveCfg = Develop|Any CPU
		{1B40E5EE-7311-46E7-8241-D9F0C443905D}.Develop|Any CPU.Build.0 = Develop|Any CPU
		{1B40E5EE-7311-46E7-8241-D9F0C443905D}.Edu|Any CPU.ActiveCfg = Edu|Any CPU
		{1B40E5EE-7311-46E7-8241-D9F0C443905D}.Edu|Any CPU.Build.0 = Edu|Any CPU
		{1B40E5EE-7311-46E7-8241-D9F0C443905D}.Int|Any CPU.ActiveCfg = Int|Any CPU
		{1B40E5EE-7311-46E7-8241-D9F0C443905D}.Int|Any CPU.Build.0 = Int|Any CPU
		{1B40E5EE-7311-46E7-8241-D9F0C443905D}.Prod|Any CPU.ActiveCfg = Prod|Any CPU
		{1B40E5EE-7311-46E7-8241-D9F0C443905D}.Prod|Any CPU.Build.0 = Prod|Any CPU
		{1B40E5EE-7311-46E7-8241-D9F0C443905D}.Release|Any CPU.ActiveCfg = Release|Any CPU
		{1B40E5EE-7311-46E7-8241-D9F0C443905D}.Release|Any CPU.Build.0 = Release|Any CPU
		{1B40E5EE-7311-46E7-8241-D9F0C443905D}.Test|Any CPU.ActiveCfg = Test|Any CPU
		{1B40E5EE-7311-46E7-8241-D9F0C443905D}.Test|Any CPU.Build.0 = Test|Any CPU
		{E2A6581B-C2D4-42E4-A5D6-14EA0753EE7D}.BA_Debug|Any CPU.ActiveCfg = BA_Debug|Any CPU
		{E2A6581B-C2D4-42E4-A5D6-14EA0753EE7D}.BA_Debug|Any CPU.Build.0 = BA_Debug|Any CPU
		{E2A6581B-C2D4-42E4-A5D6-14EA0753EE7D}.Debug|Any CPU.ActiveCfg = Debug|Any CPU
		{E2A6581B-C2D4-42E4-A5D6-14EA0753EE7D}.Debug|Any CPU.Build.0 = Debug|Any CPU
		{E2A6581B-C2D4-42E4-A5D6-14EA0753EE7D}.Develop|Any CPU.ActiveCfg = Develop|Any CPU
		{E2A6581B-C2D4-42E4-A5D6-14EA0753EE7D}.Develop|Any CPU.Build.0 = Develop|Any CPU
		{E2A6581B-C2D4-42E4-A5D6-14EA0753EE7D}.Edu|Any CPU.ActiveCfg = Edu|Any CPU
		{E2A6581B-C2D4-42E4-A5D6-14EA0753EE7D}.Edu|Any CPU.Build.0 = Edu|Any CPU
		{E2A6581B-C2D4-42E4-A5D6-14EA0753EE7D}.Int|Any CPU.ActiveCfg = Int|Any CPU
		{E2A6581B-C2D4-42E4-A5D6-14EA0753EE7D}.Int|Any CPU.Build.0 = Int|Any CPU
		{E2A6581B-C2D4-42E4-A5D6-14EA0753EE7D}.Prod|Any CPU.ActiveCfg = Prod|Any CPU
		{E2A6581B-C2D4-42E4-A5D6-14EA0753EE7D}.Prod|Any CPU.Build.0 = Prod|Any CPU
		{E2A6581B-C2D4-42E4-A5D6-14EA0753EE7D}.Release|Any CPU.ActiveCfg = Release|Any CPU
		{E2A6581B-C2D4-42E4-A5D6-14EA0753EE7D}.Release|Any CPU.Build.0 = Release|Any CPU
		{E2A6581B-C2D4-42E4-A5D6-14EA0753EE7D}.Test|Any CPU.ActiveCfg = Test|Any CPU
		{E2A6581B-C2D4-42E4-A5D6-14EA0753EE7D}.Test|Any CPU.Build.0 = Test|Any CPU
	EndGlobalSection
	GlobalSection(SolutionProperties) = preSolution
		HideSolutionNode = FALSE
	EndGlobalSection
	GlobalSection(NestedProjects) = preSolution
		{A7E57114-68FD-4EF8-ABC3-100FC5CEEFE7} = {E414A7C9-3CE5-413A-8227-4EBB5F908D6C}
		{0A3DEAE6-492E-45D0-8242-26D3941D2FAA} = {E414A7C9-3CE5-413A-8227-4EBB5F908D6C}
		{1B40E5EE-7311-46E7-8241-D9F0C443905D} = {0A3DEAE6-492E-45D0-8242-26D3941D2FAA}
		{E2A6581B-C2D4-42E4-A5D6-14EA0753EE7D} = {A7E57114-68FD-4EF8-ABC3-100FC5CEEFE7}
	EndGlobalSection
	GlobalSection(ExtensibilityGlobals) = postSolution
		SolutionGuid = {E7B2FE61-ECBA-40E6-9547-5596084CDD1D}
	EndGlobalSection
EndGlobal
